
Microsoft Visual Studio Solution File, Format Version 12.00
# Visual Studio Version 16
VisualStudioVersion = 16.0.28803.352
MinimumVisualStudioVersion = 10.0.40219.1
Project("{FAE04EC0-301F-11D3-BF4B-00C04F79EFBC}") = "DesignDoc_FunctionApp", "DesignDoc_FunctionApp\DesignDoc_FunctionApp.csproj", "{6602A52F-0D72-4B0D-91EC-E84ABF9FF218}"
EndProject
Global
	GlobalSection(SolutionConfigurationPlatforms) = preSolution
		Debug|Any CPU = Debug|Any CPU
		Release|Any CPU = Release|Any CPU
	EndGlobalSection
	GlobalSection(ProjectConfigurationPlatforms) = postSolution
		{6602A52F-0D72-4B0D-91EC-E84ABF9FF218}.Debug|Any CPU.ActiveCfg = Debug|Any CPU
		{6602A52F-0D72-4B0D-91EC-E84ABF9FF218}.Debug|Any CPU.Build.0 = Debug|Any CPU
		{6602A52F-0D72-4B0D-91EC-E84ABF9FF218}.Release|Any CPU.ActiveCfg = Release|Any CPU
		{6602A52F-0D72-4B0D-91EC-E84ABF9FF218}.Release|Any CPU.Build.0 = Release|Any CPU
	EndGlobalSection
	GlobalSection(SolutionProperties) = preSolution
		HideSolutionNode = FALSE
	EndGlobalSection
	GlobalSection(ExtensibilityGlobals) = postSolution
		SolutionGuid = {2BDDD1C9-9008-43F5-9B5F-3FAD2C9AFD5D}
	EndGlobalSection
EndGlobal
